// !$*UTF8*$!
{
	archiveVersion = 1;
	classes = {
	};
	objectVersion = 46;
	objects = {

/* Begin PBXBuildFile section */
		F606036619F8B93700D7A812 /* Constants.m in Sources */ = {isa = PBXBuildFile; fileRef = F606036519F8B93700D7A812 /* Constants.m */; };
		F606038119F98EA000D7A812 /* NSData+GIF.m in Sources */ = {isa = PBXBuildFile; fileRef = F606036919F98EA000D7A812 /* NSData+GIF.m */; };
		F606038219F98EA000D7A812 /* SDImageCache.m in Sources */ = {isa = PBXBuildFile; fileRef = F606036B19F98EA000D7A812 /* SDImageCache.m */; };
		F606038319F98EA000D7A812 /* SDWebImageCompat.m in Sources */ = {isa = PBXBuildFile; fileRef = F606036D19F98EA000D7A812 /* SDWebImageCompat.m */; };
		F606038419F98EA000D7A812 /* SDWebImageDecoder.m in Sources */ = {isa = PBXBuildFile; fileRef = F606036F19F98EA000D7A812 /* SDWebImageDecoder.m */; };
		F606038519F98EA000D7A812 /* SDWebImageDownloader.m in Sources */ = {isa = PBXBuildFile; fileRef = F606037119F98EA000D7A812 /* SDWebImageDownloader.m */; };
		F606038619F98EA000D7A812 /* SDWebImageDownloaderOperation.m in Sources */ = {isa = PBXBuildFile; fileRef = F606037319F98EA000D7A812 /* SDWebImageDownloaderOperation.m */; };
		F606038719F98EA000D7A812 /* SDWebImageManager.m in Sources */ = {isa = PBXBuildFile; fileRef = F606037519F98EA000D7A812 /* SDWebImageManager.m */; };
		F606038819F98EA000D7A812 /* SDWebImagePrefetcher.m in Sources */ = {isa = PBXBuildFile; fileRef = F606037819F98EA000D7A812 /* SDWebImagePrefetcher.m */; };
		F606038919F98EA000D7A812 /* UIButton+WebCache.m in Sources */ = {isa = PBXBuildFile; fileRef = F606037A19F98EA000D7A812 /* UIButton+WebCache.m */; };
		F606038A19F98EA000D7A812 /* UIImage+GIF.m in Sources */ = {isa = PBXBuildFile; fileRef = F606037C19F98EA000D7A812 /* UIImage+GIF.m */; };
		F606038B19F98EA000D7A812 /* UIImage+MultiFormat.m in Sources */ = {isa = PBXBuildFile; fileRef = F606037E19F98EA000D7A812 /* UIImage+MultiFormat.m */; };
		F606038C19F98EA000D7A812 /* UIImageView+WebCache.m in Sources */ = {isa = PBXBuildFile; fileRef = F606038019F98EA000D7A812 /* UIImageView+WebCache.m */; };
		F65887C419F56D6200578BAA /* Foundation.framework in Frameworks */ = {isa = PBXBuildFile; fileRef = F65887C319F56D6200578BAA /* Foundation.framework */; };
		F65887C619F56D6200578BAA /* CoreGraphics.framework in Frameworks */ = {isa = PBXBuildFile; fileRef = F65887C519F56D6200578BAA /* CoreGraphics.framework */; };
		F65887C819F56D6200578BAA /* UIKit.framework in Frameworks */ = {isa = PBXBuildFile; fileRef = F65887C719F56D6200578BAA /* UIKit.framework */; };
		F65887CE19F56D6200578BAA /* InfoPlist.strings in Resources */ = {isa = PBXBuildFile; fileRef = F65887CC19F56D6200578BAA /* InfoPlist.strings */; };
		F65887D019F56D6200578BAA /* main.m in Sources */ = {isa = PBXBuildFile; fileRef = F65887CF19F56D6200578BAA /* main.m */; };
		F65887D419F56D6200578BAA /* AppDelegate.m in Sources */ = {isa = PBXBuildFile; fileRef = F65887D319F56D6200578BAA /* AppDelegate.m */; };
		F65887D719F56D6200578BAA /* Main.storyboard in Resources */ = {isa = PBXBuildFile; fileRef = F65887D519F56D6200578BAA /* Main.storyboard */; };
		F65887DA19F56D6200578BAA /* ViewController.m in Sources */ = {isa = PBXBuildFile; fileRef = F65887D919F56D6200578BAA /* ViewController.m */; };
		F65887DC19F56D6200578BAA /* Images.xcassets in Resources */ = {isa = PBXBuildFile; fileRef = F65887DB19F56D6200578BAA /* Images.xcassets */; };
		F65887E319F56D6200578BAA /* XCTest.framework in Frameworks */ = {isa = PBXBuildFile; fileRef = F65887E219F56D6200578BAA /* XCTest.framework */; };
		F65887E419F56D6200578BAA /* Foundation.framework in Frameworks */ = {isa = PBXBuildFile; fileRef = F65887C319F56D6200578BAA /* Foundation.framework */; };
		F65887E519F56D6200578BAA /* UIKit.framework in Frameworks */ = {isa = PBXBuildFile; fileRef = F65887C719F56D6200578BAA /* UIKit.framework */; };
		F65887ED19F56D6200578BAA /* InfoPlist.strings in Resources */ = {isa = PBXBuildFile; fileRef = F65887EB19F56D6200578BAA /* InfoPlist.strings */; };
		F65887EF19F56D6200578BAA /* GuestBookTests.m in Sources */ = {isa = PBXBuildFile; fileRef = F65887EE19F56D6200578BAA /* GuestBookTests.m */; };
		F658883A19F56DD800578BAA /* libxml2.2.dylib in Frameworks */ = {isa = PBXBuildFile; fileRef = F658883919F56DD800578BAA /* libxml2.2.dylib */; };
		F6A0D55319F57472003EA2CB /* TFHpple.m in Sources */ = {isa = PBXBuildFile; fileRef = F6A0D54E19F57472003EA2CB /* TFHpple.m */; };
		F6A0D55419F57472003EA2CB /* TFHppleElement.m in Sources */ = {isa = PBXBuildFile; fileRef = F6A0D55019F57472003EA2CB /* TFHppleElement.m */; };
		F6A0D55519F57472003EA2CB /* XPathQuery.m in Sources */ = {isa = PBXBuildFile; fileRef = F6A0D55219F57472003EA2CB /* XPathQuery.m */; };
		F6A0D55919F59057003EA2CB /* UIColor+HexKit.m in Sources */ = {isa = PBXBuildFile; fileRef = F6A0D55819F59057003EA2CB /* UIColor+HexKit.m */; };
		F6A0D55E19F59998003EA2CB /* ELTextView.m in Sources */ = {isa = PBXBuildFile; fileRef = F6A0D55D19F59998003EA2CB /* ELTextView.m */; };
/* End PBXBuildFile section */

/* Begin PBXContainerItemProxy section */
		F65887E619F56D6200578BAA /* PBXContainerItemProxy */ = {
			isa = PBXContainerItemProxy;
			containerPortal = F65887B819F56D6200578BAA /* Project object */;
			proxyType = 1;
			remoteGlobalIDString = F65887BF19F56D6200578BAA;
			remoteInfo = GuestBook;
		};
/* End PBXContainerItemProxy section */

/* Begin PBXFileReference section */
		F606036419F8B92800D7A812 /* Constants.h */ = {isa = PBXFileReference; lastKnownFileType = sourcecode.c.h; path = Constants.h; sourceTree = "<group>"; };
		F606036519F8B93700D7A812 /* Constants.m */ = {isa = PBXFileReference; fileEncoding = 4; lastKnownFileType = sourcecode.c.objc; path = Constants.m; sourceTree = "<group>"; };
		F606036819F98EA000D7A812 /* NSData+GIF.h */ = {isa = PBXFileReference; fileEncoding = 4; lastKnownFileType = sourcecode.c.h; path = "NSData+GIF.h"; sourceTree = "<group>"; };
		F606036919F98EA000D7A812 /* NSData+GIF.m */ = {isa = PBXFileReference; fileEncoding = 4; lastKnownFileType = sourcecode.c.objc; path = "NSData+GIF.m"; sourceTree = "<group>"; };
		F606036A19F98EA000D7A812 /* SDImageCache.h */ = {isa = PBXFileReference; fileEncoding = 4; lastKnownFileType = sourcecode.c.h; path = SDImageCache.h; sourceTree = "<group>"; };
		F606036B19F98EA000D7A812 /* SDImageCache.m */ = {isa = PBXFileReference; fileEncoding = 4; lastKnownFileType = sourcecode.c.objc; path = SDImageCache.m; sourceTree = "<group>"; };
		F606036C19F98EA000D7A812 /* SDWebImageCompat.h */ = {isa = PBXFileReference; fileEncoding = 4; lastKnownFileType = sourcecode.c.h; path = SDWebImageCompat.h; sourceTree = "<group>"; };
		F606036D19F98EA000D7A812 /* SDWebImageCompat.m */ = {isa = PBXFileReference; fileEncoding = 4; lastKnownFileType = sourcecode.c.objc; path = SDWebImageCompat.m; sourceTree = "<group>"; };
		F606036E19F98EA000D7A812 /* SDWebImageDecoder.h */ = {isa = PBXFileReference; fileEncoding = 4; lastKnownFileType = sourcecode.c.h; path = SDWebImageDecoder.h; sourceTree = "<group>"; };
		F606036F19F98EA000D7A812 /* SDWebImageDecoder.m */ = {isa = PBXFileReference; fileEncoding = 4; lastKnownFileType = sourcecode.c.objc; path = SDWebImageDecoder.m; sourceTree = "<group>"; };
		F606037019F98EA000D7A812 /* SDWebImageDownloader.h */ = {isa = PBXFileReference; fileEncoding = 4; lastKnownFileType = sourcecode.c.h; path = SDWebImageDownloader.h; sourceTree = "<group>"; };
		F606037119F98EA000D7A812 /* SDWebImageDownloader.m */ = {isa = PBXFileReference; fileEncoding = 4; lastKnownFileType = sourcecode.c.objc; path = SDWebImageDownloader.m; sourceTree = "<group>"; };
		F606037219F98EA000D7A812 /* SDWebImageDownloaderOperation.h */ = {isa = PBXFileReference; fileEncoding = 4; lastKnownFileType = sourcecode.c.h; path = SDWebImageDownloaderOperation.h; sourceTree = "<group>"; };
		F606037319F98EA000D7A812 /* SDWebImageDownloaderOperation.m */ = {isa = PBXFileReference; fileEncoding = 4; lastKnownFileType = sourcecode.c.objc; path = SDWebImageDownloaderOperation.m; sourceTree = "<group>"; };
		F606037419F98EA000D7A812 /* SDWebImageManager.h */ = {isa = PBXFileReference; fileEncoding = 4; lastKnownFileType = sourcecode.c.h; path = SDWebImageManager.h; sourceTree = "<group>"; };
		F606037519F98EA000D7A812 /* SDWebImageManager.m */ = {isa = PBXFileReference; fileEncoding = 4; lastKnownFileType = sourcecode.c.objc; path = SDWebImageManager.m; sourceTree = "<group>"; };
		F606037619F98EA000D7A812 /* SDWebImageOperation.h */ = {isa = PBXFileReference; fileEncoding = 4; lastKnownFileType = sourcecode.c.h; path = SDWebImageOperation.h; sourceTree = "<group>"; };
		F606037719F98EA000D7A812 /* SDWebImagePrefetcher.h */ = {isa = PBXFileReference; fileEncoding = 4; lastKnownFileType = sourcecode.c.h; path = SDWebImagePrefetcher.h; sourceTree = "<group>"; };
		F606037819F98EA000D7A812 /* SDWebImagePrefetcher.m */ = {isa = PBXFileReference; fileEncoding = 4; lastKnownFileType = sourcecode.c.objc; path = SDWebImagePrefetcher.m; sourceTree = "<group>"; };
		F606037919F98EA000D7A812 /* UIButton+WebCache.h */ = {isa = PBXFileReference; fileEncoding = 4; lastKnownFileType = sourcecode.c.h; path = "UIButton+WebCache.h"; sourceTree = "<group>"; };
		F606037A19F98EA000D7A812 /* UIButton+WebCache.m */ = {isa = PBXFileReference; fileEncoding = 4; lastKnownFileType = sourcecode.c.objc; path = "UIButton+WebCache.m"; sourceTree = "<group>"; };
		F606037B19F98EA000D7A812 /* UIImage+GIF.h */ = {isa = PBXFileReference; fileEncoding = 4; lastKnownFileType = sourcecode.c.h; path = "UIImage+GIF.h"; sourceTree = "<group>"; };
		F606037C19F98EA000D7A812 /* UIImage+GIF.m */ = {isa = PBXFileReference; fileEncoding = 4; lastKnownFileType = sourcecode.c.objc; path = "UIImage+GIF.m"; sourceTree = "<group>"; };
		F606037D19F98EA000D7A812 /* UIImage+MultiFormat.h */ = {isa = PBXFileReference; fileEncoding = 4; lastKnownFileType = sourcecode.c.h; path = "UIImage+MultiFormat.h"; sourceTree = "<group>"; };
		F606037E19F98EA000D7A812 /* UIImage+MultiFormat.m */ = {isa = PBXFileReference; fileEncoding = 4; lastKnownFileType = sourcecode.c.objc; path = "UIImage+MultiFormat.m"; sourceTree = "<group>"; };
		F606037F19F98EA000D7A812 /* UIImageView+WebCache.h */ = {isa = PBXFileReference; fileEncoding = 4; lastKnownFileType = sourcecode.c.h; path = "UIImageView+WebCache.h"; sourceTree = "<group>"; };
		F606038019F98EA000D7A812 /* UIImageView+WebCache.m */ = {isa = PBXFileReference; fileEncoding = 4; lastKnownFileType = sourcecode.c.objc; path = "UIImageView+WebCache.m"; sourceTree = "<group>"; };
		F65887C019F56D6200578BAA /* GuestBook.app */ = {isa = PBXFileReference; explicitFileType = wrapper.application; includeInIndex = 0; path = GuestBook.app; sourceTree = BUILT_PRODUCTS_DIR; };
		F65887C319F56D6200578BAA /* Foundation.framework */ = {isa = PBXFileReference; lastKnownFileType = wrapper.framework; name = Foundation.framework; path = System/Library/Frameworks/Foundation.framework; sourceTree = SDKROOT; };
		F65887C519F56D6200578BAA /* CoreGraphics.framework */ = {isa = PBXFileReference; lastKnownFileType = wrapper.framework; name = CoreGraphics.framework; path = System/Library/Frameworks/CoreGraphics.framework; sourceTree = SDKROOT; };
		F65887C719F56D6200578BAA /* UIKit.framework */ = {isa = PBXFileReference; lastKnownFileType = wrapper.framework; name = UIKit.framework; path = System/Library/Frameworks/UIKit.framework; sourceTree = SDKROOT; };
		F65887CB19F56D6200578BAA /* GuestBook-Info.plist */ = {isa = PBXFileReference; lastKnownFileType = text.plist.xml; path = "GuestBook-Info.plist"; sourceTree = "<group>"; };
		F65887CD19F56D6200578BAA /* en */ = {isa = PBXFileReference; lastKnownFileType = text.plist.strings; name = en; path = en.lproj/InfoPlist.strings; sourceTree = "<group>"; };
		F65887CF19F56D6200578BAA /* main.m */ = {isa = PBXFileReference; lastKnownFileType = sourcecode.c.objc; path = main.m; sourceTree = "<group>"; };
		F65887D119F56D6200578BAA /* GuestBook-Prefix.pch */ = {isa = PBXFileReference; lastKnownFileType = sourcecode.c.h; path = "GuestBook-Prefix.pch"; sourceTree = "<group>"; };
		F65887D219F56D6200578BAA /* AppDelegate.h */ = {isa = PBXFileReference; lastKnownFileType = sourcecode.c.h; path = AppDelegate.h; sourceTree = "<group>"; };
		F65887D319F56D6200578BAA /* AppDelegate.m */ = {isa = PBXFileReference; lastKnownFileType = sourcecode.c.objc; path = AppDelegate.m; sourceTree = "<group>"; };
		F65887D619F56D6200578BAA /* Base */ = {isa = PBXFileReference; lastKnownFileType = file.storyboard; name = Base; path = Base.lproj/Main.storyboard; sourceTree = "<group>"; };
		F65887D819F56D6200578BAA /* ViewController.h */ = {isa = PBXFileReference; lastKnownFileType = sourcecode.c.h; path = ViewController.h; sourceTree = "<group>"; };
		F65887D919F56D6200578BAA /* ViewController.m */ = {isa = PBXFileReference; lastKnownFileType = sourcecode.c.objc; path = ViewController.m; sourceTree = "<group>"; };
		F65887DB19F56D6200578BAA /* Images.xcassets */ = {isa = PBXFileReference; lastKnownFileType = folder.assetcatalog; path = Images.xcassets; sourceTree = "<group>"; };
		F65887E119F56D6200578BAA /* GuestBookTests.xctest */ = {isa = PBXFileReference; explicitFileType = wrapper.cfbundle; includeInIndex = 0; path = GuestBookTests.xctest; sourceTree = BUILT_PRODUCTS_DIR; };
		F65887E219F56D6200578BAA /* XCTest.framework */ = {isa = PBXFileReference; lastKnownFileType = wrapper.framework; name = XCTest.framework; path = Library/Frameworks/XCTest.framework; sourceTree = DEVELOPER_DIR; };
		F65887EA19F56D6200578BAA /* GuestBookTests-Info.plist */ = {isa = PBXFileReference; lastKnownFileType = text.plist.xml; path = "GuestBookTests-Info.plist"; sourceTree = "<group>"; };
		F65887EC19F56D6200578BAA /* en */ = {isa = PBXFileReference; lastKnownFileType = text.plist.strings; name = en; path = en.lproj/InfoPlist.strings; sourceTree = "<group>"; };
		F65887EE19F56D6200578BAA /* GuestBookTests.m */ = {isa = PBXFileReference; lastKnownFileType = sourcecode.c.objc; path = GuestBookTests.m; sourceTree = "<group>"; };
		F658883919F56DD800578BAA /* libxml2.2.dylib */ = {isa = PBXFileReference; lastKnownFileType = "compiled.mach-o.dylib"; name = libxml2.2.dylib; path = usr/lib/libxml2.2.dylib; sourceTree = SDKROOT; };
		F6A0D54D19F57472003EA2CB /* TFHpple.h */ = {isa = PBXFileReference; fileEncoding = 4; lastKnownFileType = sourcecode.c.h; name = TFHpple.h; path = Tpple/TFHpple.h; sourceTree = "<group>"; };
		F6A0D54E19F57472003EA2CB /* TFHpple.m */ = {isa = PBXFileReference; fileEncoding = 4; lastKnownFileType = sourcecode.c.objc; name = TFHpple.m; path = Tpple/TFHpple.m; sourceTree = "<group>"; };
		F6A0D54F19F57472003EA2CB /* TFHppleElement.h */ = {isa = PBXFileReference; fileEncoding = 4; lastKnownFileType = sourcecode.c.h; name = TFHppleElement.h; path = Tpple/TFHppleElement.h; sourceTree = "<group>"; };
		F6A0D55019F57472003EA2CB /* TFHppleElement.m */ = {isa = PBXFileReference; fileEncoding = 4; lastKnownFileType = sourcecode.c.objc; name = TFHppleElement.m; path = Tpple/TFHppleElement.m; sourceTree = "<group>"; };
		F6A0D55119F57472003EA2CB /* XPathQuery.h */ = {isa = PBXFileReference; fileEncoding = 4; lastKnownFileType = sourcecode.c.h; name = XPathQuery.h; path = Tpple/XPathQuery.h; sourceTree = "<group>"; };
		F6A0D55219F57472003EA2CB /* XPathQuery.m */ = {isa = PBXFileReference; fileEncoding = 4; lastKnownFileType = sourcecode.c.objc; name = XPathQuery.m; path = Tpple/XPathQuery.m; sourceTree = "<group>"; };
		F6A0D55719F59057003EA2CB /* UIColor+HexKit.h */ = {isa = PBXFileReference; fileEncoding = 4; lastKnownFileType = sourcecode.c.h; path = "UIColor+HexKit.h"; sourceTree = "<group>"; };
		F6A0D55819F59057003EA2CB /* UIColor+HexKit.m */ = {isa = PBXFileReference; fileEncoding = 4; lastKnownFileType = sourcecode.c.objc; path = "UIColor+HexKit.m"; sourceTree = "<group>"; };
		F6A0D55C19F59998003EA2CB /* ELTextView.h */ = {isa = PBXFileReference; fileEncoding = 4; lastKnownFileType = sourcecode.c.h; path = ELTextView.h; sourceTree = "<group>"; };
		F6A0D55D19F59998003EA2CB /* ELTextView.m */ = {isa = PBXFileReference; fileEncoding = 4; lastKnownFileType = sourcecode.c.objc; path = ELTextView.m; sourceTree = "<group>"; };
/* End PBXFileReference section */

/* Begin PBXFrameworksBuildPhase section */
		F65887BD19F56D6200578BAA /* Frameworks */ = {
			isa = PBXFrameworksBuildPhase;
			buildActionMask = 2147483647;
			files = (
				F658883A19F56DD800578BAA /* libxml2.2.dylib in Frameworks */,
				F65887C619F56D6200578BAA /* CoreGraphics.framework in Frameworks */,
				F65887C819F56D6200578BAA /* UIKit.framework in Frameworks */,
				F65887C419F56D6200578BAA /* Foundation.framework in Frameworks */,
			);
			runOnlyForDeploymentPostprocessing = 0;
		};
		F65887DE19F56D6200578BAA /* Frameworks */ = {
			isa = PBXFrameworksBuildPhase;
			buildActionMask = 2147483647;
			files = (
				F65887E319F56D6200578BAA /* XCTest.framework in Frameworks */,
				F65887E519F56D6200578BAA /* UIKit.framework in Frameworks */,
				F65887E419F56D6200578BAA /* Foundation.framework in Frameworks */,
			);
			runOnlyForDeploymentPostprocessing = 0;
		};
/* End PBXFrameworksBuildPhase section */

/* Begin PBXGroup section */
		F606036319F8B90700D7A812 /* Common */ = {
			isa = PBXGroup;
			children = (
				F606036419F8B92800D7A812 /* Constants.h */,
				F606036519F8B93700D7A812 /* Constants.m */,
			);
			name = Common;
			sourceTree = "<group>";
		};
		F606036719F98EA000D7A812 /* SDWebImage */ = {
			isa = PBXGroup;
			children = (
				F606036819F98EA000D7A812 /* NSData+GIF.h */,
				F606036919F98EA000D7A812 /* NSData+GIF.m */,
				F606036A19F98EA000D7A812 /* SDImageCache.h */,
				F606036B19F98EA000D7A812 /* SDImageCache.m */,
				F606036C19F98EA000D7A812 /* SDWebImageCompat.h */,
				F606036D19F98EA000D7A812 /* SDWebImageCompat.m */,
				F606036E19F98EA000D7A812 /* SDWebImageDecoder.h */,
				F606036F19F98EA000D7A812 /* SDWebImageDecoder.m */,
				F606037019F98EA000D7A812 /* SDWebImageDownloader.h */,
				F606037119F98EA000D7A812 /* SDWebImageDownloader.m */,
				F606037219F98EA000D7A812 /* SDWebImageDownloaderOperation.h */,
				F606037319F98EA000D7A812 /* SDWebImageDownloaderOperation.m */,
				F606037419F98EA000D7A812 /* SDWebImageManager.h */,
				F606037519F98EA000D7A812 /* SDWebImageManager.m */,
				F606037619F98EA000D7A812 /* SDWebImageOperation.h */,
				F606037719F98EA000D7A812 /* SDWebImagePrefetcher.h */,
				F606037819F98EA000D7A812 /* SDWebImagePrefetcher.m */,
				F606037919F98EA000D7A812 /* UIButton+WebCache.h */,
				F606037A19F98EA000D7A812 /* UIButton+WebCache.m */,
				F606037B19F98EA000D7A812 /* UIImage+GIF.h */,
				F606037C19F98EA000D7A812 /* UIImage+GIF.m */,
				F606037D19F98EA000D7A812 /* UIImage+MultiFormat.h */,
				F606037E19F98EA000D7A812 /* UIImage+MultiFormat.m */,
				F606037F19F98EA000D7A812 /* UIImageView+WebCache.h */,
				F606038019F98EA000D7A812 /* UIImageView+WebCache.m */,
			);
			path = SDWebImage;
			sourceTree = "<group>";
		};
		F65887B719F56D6200578BAA = {
			isa = PBXGroup;
			children = (
				F65887C919F56D6200578BAA /* GuestBook */,
				F65887E819F56D6200578BAA /* GuestBookTests */,
				F65887C219F56D6200578BAA /* Frameworks */,
				F65887C119F56D6200578BAA /* Products */,
			);
			sourceTree = "<group>";
		};
		F65887C119F56D6200578BAA /* Products */ = {
			isa = PBXGroup;
			children = (
				F65887C019F56D6200578BAA /* GuestBook.app */,
				F65887E119F56D6200578BAA /* GuestBookTests.xctest */,
			);
			name = Products;
			sourceTree = "<group>";
		};
		F65887C219F56D6200578BAA /* Frameworks */ = {
			isa = PBXGroup;
			children = (
				F658883919F56DD800578BAA /* libxml2.2.dylib */,
				F65887C319F56D6200578BAA /* Foundation.framework */,
				F65887C519F56D6200578BAA /* CoreGraphics.framework */,
				F65887C719F56D6200578BAA /* UIKit.framework */,
				F65887E219F56D6200578BAA /* XCTest.framework */,
			);
			name = Frameworks;
			sourceTree = "<group>";
		};
		F65887C919F56D6200578BAA /* GuestBook */ = {
			isa = PBXGroup;
			children = (
				F606036319F8B90700D7A812 /* Common */,
				F6A0D55619F59021003EA2CB /* Custom */,
				F6A0D54C19F5736D003EA2CB /* Tpple */,
				F65887D219F56D6200578BAA /* AppDelegate.h */,
				F65887D319F56D6200578BAA /* AppDelegate.m */,
				F65887D519F56D6200578BAA /* Main.storyboard */,
				F65887D819F56D6200578BAA /* ViewController.h */,
				F65887D919F56D6200578BAA /* ViewController.m */,
				F65887DB19F56D6200578BAA /* Images.xcassets */,
				F65887CA19F56D6200578BAA /* Supporting Files */,
			);
			path = GuestBook;
			sourceTree = "<group>";
		};
		F65887CA19F56D6200578BAA /* Supporting Files */ = {
			isa = PBXGroup;
			children = (
				F65887CB19F56D6200578BAA /* GuestBook-Info.plist */,
				F65887CC19F56D6200578BAA /* InfoPlist.strings */,
				F65887CF19F56D6200578BAA /* main.m */,
				F65887D119F56D6200578BAA /* GuestBook-Prefix.pch */,
			);
			name = "Supporting Files";
			sourceTree = "<group>";
		};
		F65887E819F56D6200578BAA /* GuestBookTests */ = {
			isa = PBXGroup;
			children = (
				F65887EE19F56D6200578BAA /* GuestBookTests.m */,
				F65887E919F56D6200578BAA /* Supporting Files */,
			);
			path = GuestBookTests;
			sourceTree = "<group>";
		};
		F65887E919F56D6200578BAA /* Supporting Files */ = {
			isa = PBXGroup;
			children = (
				F65887EA19F56D6200578BAA /* GuestBookTests-Info.plist */,
				F65887EB19F56D6200578BAA /* InfoPlist.strings */,
			);
			name = "Supporting Files";
			sourceTree = "<group>";
		};
		F6A0D54C19F5736D003EA2CB /* Tpple */ = {
			isa = PBXGroup;
			children = (
				F6A0D54D19F57472003EA2CB /* TFHpple.h */,
				F6A0D54E19F57472003EA2CB /* TFHpple.m */,
				F6A0D54F19F57472003EA2CB /* TFHppleElement.h */,
				F6A0D55019F57472003EA2CB /* TFHppleElement.m */,
				F6A0D55119F57472003EA2CB /* XPathQuery.h */,
				F6A0D55219F57472003EA2CB /* XPathQuery.m */,
			);
			name = Tpple;
			sourceTree = "<group>";
		};
		F6A0D55619F59021003EA2CB /* Custom */ = {
			isa = PBXGroup;
			children = (
				F606036719F98EA000D7A812 /* SDWebImage */,
				F6A0D55719F59057003EA2CB /* UIColor+HexKit.h */,
				F6A0D55819F59057003EA2CB /* UIColor+HexKit.m */,
				F6A0D55C19F59998003EA2CB /* ELTextView.h */,
				F6A0D55D19F59998003EA2CB /* ELTextView.m */,
			);
			name = Custom;
			sourceTree = "<group>";
		};
/* End PBXGroup section */

/* Begin PBXNativeTarget section */
		F65887BF19F56D6200578BAA /* GuestBook */ = {
			isa = PBXNativeTarget;
			buildConfigurationList = F65887F219F56D6200578BAA /* Build configuration list for PBXNativeTarget "GuestBook" */;
			buildPhases = (
				F65887BC19F56D6200578BAA /* Sources */,
				F65887BD19F56D6200578BAA /* Frameworks */,
				F65887BE19F56D6200578BAA /* Resources */,
			);
			buildRules = (
			);
			dependencies = (
			);
			name = GuestBook;
			productName = GuestBook;
			productReference = F65887C019F56D6200578BAA /* GuestBook.app */;
			productType = "com.apple.product-type.application";
		};
		F65887E019F56D6200578BAA /* GuestBookTests */ = {
			isa = PBXNativeTarget;
			buildConfigurationList = F65887F519F56D6200578BAA /* Build configuration list for PBXNativeTarget "GuestBookTests" */;
			buildPhases = (
				F65887DD19F56D6200578BAA /* Sources */,
				F65887DE19F56D6200578BAA /* Frameworks */,
				F65887DF19F56D6200578BAA /* Resources */,
			);
			buildRules = (
			);
			dependencies = (
				F65887E719F56D6200578BAA /* PBXTargetDependency */,
			);
			name = GuestBookTests;
			productName = GuestBookTests;
			productReference = F65887E119F56D6200578BAA /* GuestBookTests.xctest */;
			productType = "com.apple.product-type.bundle.unit-test";
		};
/* End PBXNativeTarget section */

/* Begin PBXProject section */
		F65887B819F56D6200578BAA /* Project object */ = {
			isa = PBXProject;
			attributes = {
				LastUpgradeCheck = 0510;
				ORGANIZATIONNAME = GuestBook;
				TargetAttributes = {
					F65887E019F56D6200578BAA = {
						TestTargetID = F65887BF19F56D6200578BAA;
					};
				};
			};
			buildConfigurationList = F65887BB19F56D6200578BAA /* Build configuration list for PBXProject "GuestBook" */;
			compatibilityVersion = "Xcode 3.2";
			developmentRegion = English;
			hasScannedForEncodings = 0;
			knownRegions = (
				en,
				Base,
			);
			mainGroup = F65887B719F56D6200578BAA;
			productRefGroup = F65887C119F56D6200578BAA /* Products */;
			projectDirPath = "";
			projectRoot = "";
			targets = (
				F65887BF19F56D6200578BAA /* GuestBook */,
				F65887E019F56D6200578BAA /* GuestBookTests */,
			);
		};
/* End PBXProject section */

/* Begin PBXResourcesBuildPhase section */
		F65887BE19F56D6200578BAA /* Resources */ = {
			isa = PBXResourcesBuildPhase;
			buildActionMask = 2147483647;
			files = (
				F65887DC19F56D6200578BAA /* Images.xcassets in Resources */,
				F65887CE19F56D6200578BAA /* InfoPlist.strings in Resources */,
				F65887D719F56D6200578BAA /* Main.storyboard in Resources */,
			);
			runOnlyForDeploymentPostprocessing = 0;
		};
		F65887DF19F56D6200578BAA /* Resources */ = {
			isa = PBXResourcesBuildPhase;
			buildActionMask = 2147483647;
			files = (
				F65887ED19F56D6200578BAA /* InfoPlist.strings in Resources */,
			);
			runOnlyForDeploymentPostprocessing = 0;
		};
/* End PBXResourcesBuildPhase section */

/* Begin PBXSourcesBuildPhase section */
		F65887BC19F56D6200578BAA /* Sources */ = {
			isa = PBXSourcesBuildPhase;
			buildActionMask = 2147483647;
			files = (
				F606038419F98EA000D7A812 /* SDWebImageDecoder.m in Sources */,
				F606038719F98EA000D7A812 /* SDWebImageManager.m in Sources */,
				F65887DA19F56D6200578BAA /* ViewController.m in Sources */,
				F606038319F98EA000D7A812 /* SDWebImageCompat.m in Sources */,
				F65887D419F56D6200578BAA /* AppDelegate.m in Sources */,
				F6A0D55E19F59998003EA2CB /* ELTextView.m in Sources */,
				F65887D019F56D6200578BAA /* main.m in Sources */,
				F606038919F98EA000D7A812 /* UIButton+WebCache.m in Sources */,
				F606038819F98EA000D7A812 /* SDWebImagePrefetcher.m in Sources */,
				F606038619F98EA000D7A812 /* SDWebImageDownloaderOperation.m in Sources */,
				F6A0D55319F57472003EA2CB /* TFHpple.m in Sources */,
				F606038C19F98EA000D7A812 /* UIImageView+WebCache.m in Sources */,
				F606038119F98EA000D7A812 /* NSData+GIF.m in Sources */,
				F606038B19F98EA000D7A812 /* UIImage+MultiFormat.m in Sources */,
				F6A0D55919F59057003EA2CB /* UIColor+HexKit.m in Sources */,
				F606038219F98EA000D7A812 /* SDImageCache.m in Sources */,
				F6A0D55519F57472003EA2CB /* XPathQuery.m in Sources */,
				F6A0D55419F57472003EA2CB /* TFHppleElement.m in Sources */,
				F606038A19F98EA000D7A812 /* UIImage+GIF.m in Sources */,
				F606038519F98EA000D7A812 /* SDWebImageDownloader.m in Sources */,
				F606036619F8B93700D7A812 /* Constants.m in Sources */,
			);
			runOnlyForDeploymentPostprocessing = 0;
		};
		F65887DD19F56D6200578BAA /* Sources */ = {
			isa = PBXSourcesBuildPhase;
			buildActionMask = 2147483647;
			files = (
				F65887EF19F56D6200578BAA /* GuestBookTests.m in Sources */,
			);
			runOnlyForDeploymentPostprocessing = 0;
		};
/* End PBXSourcesBuildPhase section */

/* Begin PBXTargetDependency section */
		F65887E719F56D6200578BAA /* PBXTargetDependency */ = {
			isa = PBXTargetDependency;
			target = F65887BF19F56D6200578BAA /* GuestBook */;
			targetProxy = F65887E619F56D6200578BAA /* PBXContainerItemProxy */;
		};
/* End PBXTargetDependency section */

/* Begin PBXVariantGroup section */
		F65887CC19F56D6200578BAA /* InfoPlist.strings */ = {
			isa = PBXVariantGroup;
			children = (
				F65887CD19F56D6200578BAA /* en */,
			);
			name = InfoPlist.strings;
			sourceTree = "<group>";
		};
		F65887D519F56D6200578BAA /* Main.storyboard */ = {
			isa = PBXVariantGroup;
			children = (
				F65887D619F56D6200578BAA /* Base */,
			);
			name = Main.storyboard;
			sourceTree = "<group>";
		};
		F65887EB19F56D6200578BAA /* InfoPlist.strings */ = {
			isa = PBXVariantGroup;
			children = (
				F65887EC19F56D6200578BAA /* en */,
			);
			name = InfoPlist.strings;
			sourceTree = "<group>";
		};
/* End PBXVariantGroup section */

/* Begin XCBuildConfiguration section */
		F65887F019F56D6200578BAA /* Debug */ = {
			isa = XCBuildConfiguration;
			buildSettings = {
				ALWAYS_SEARCH_USER_PATHS = NO;
				CLANG_CXX_LANGUAGE_STANDARD = "gnu++0x";
				CLANG_CXX_LIBRARY = "libc++";
				CLANG_ENABLE_MODULES = YES;
				CLANG_ENABLE_OBJC_ARC = YES;
				CLANG_WARN_BOOL_CONVERSION = YES;
				CLANG_WARN_CONSTANT_CONVERSION = YES;
				CLANG_WARN_DIRECT_OBJC_ISA_USAGE = YES_ERROR;
				CLANG_WARN_EMPTY_BODY = YES;
				CLANG_WARN_ENUM_CONVERSION = YES;
				CLANG_WARN_INT_CONVERSION = YES;
				CLANG_WARN_OBJC_ROOT_CLASS = YES_ERROR;
				CLANG_WARN__DUPLICATE_METHOD_MATCH = YES;
				"CODE_SIGN_IDENTITY[sdk=iphoneos*]" = "iPhone Developer";
				COPY_PHASE_STRIP = NO;
				GCC_C_LANGUAGE_STANDARD = gnu99;
				GCC_DYNAMIC_NO_PIC = NO;
				GCC_OPTIMIZATION_LEVEL = 0;
				GCC_PREPROCESSOR_DEFINITIONS = (
					"DEBUG=1",
					"$(inherited)",
				);
				GCC_SYMBOLS_PRIVATE_EXTERN = NO;
				GCC_WARN_64_TO_32_BIT_CONVERSION = YES;
				GCC_WARN_ABOUT_RETURN_TYPE = YES_ERROR;
				GCC_WARN_UNDECLARED_SELECTOR = YES;
				GCC_WARN_UNINITIALIZED_AUTOS = YES_AGGRESSIVE;
				GCC_WARN_UNUSED_FUNCTION = YES;
				GCC_WARN_UNUSED_VARIABLE = YES;
				IPHONEOS_DEPLOYMENT_TARGET = 7.1;
				ONLY_ACTIVE_ARCH = YES;
				SDKROOT = iphoneos;
			};
			name = Debug;
		};
		F65887F119F56D6200578BAA /* Release */ = {
			isa = XCBuildConfiguration;
			buildSettings = {
				ALWAYS_SEARCH_USER_PATHS = NO;
				CLANG_CXX_LANGUAGE_STANDARD = "gnu++0x";
				CLANG_CXX_LIBRARY = "libc++";
				CLANG_ENABLE_MODULES = YES;
				CLANG_ENABLE_OBJC_ARC = YES;
				CLANG_WARN_BOOL_CONVERSION = YES;
				CLANG_WARN_CONSTANT_CONVERSION = YES;
				CLANG_WARN_DIRECT_OBJC_ISA_USAGE = YES_ERROR;
				CLANG_WARN_EMPTY_BODY = YES;
				CLANG_WARN_ENUM_CONVERSION = YES;
				CLANG_WARN_INT_CONVERSION = YES;
				CLANG_WARN_OBJC_ROOT_CLASS = YES_ERROR;
				CLANG_WARN__DUPLICATE_METHOD_MATCH = YES;
				"CODE_SIGN_IDENTITY[sdk=iphoneos*]" = "iPhone Developer";
				COPY_PHASE_STRIP = YES;
				ENABLE_NS_ASSERTIONS = NO;
				GCC_C_LANGUAGE_STANDARD = gnu99;
				GCC_WARN_64_TO_32_BIT_CONVERSION = YES;
				GCC_WARN_ABOUT_RETURN_TYPE = YES_ERROR;
				GCC_WARN_UNDECLARED_SELECTOR = YES;
				GCC_WARN_UNINITIALIZED_AUTOS = YES_AGGRESSIVE;
				GCC_WARN_UNUSED_FUNCTION = YES;
				GCC_WARN_UNUSED_VARIABLE = YES;
				IPHONEOS_DEPLOYMENT_TARGET = 7.1;
				SDKROOT = iphoneos;
				VALIDATE_PRODUCT = YES;
			};
			name = Release;
		};
		F65887F319F56D6200578BAA /* Debug */ = {
			isa = XCBuildConfiguration;
			buildSettings = {
				ASSETCATALOG_COMPILER_APPICON_NAME = AppIcon;
				ASSETCATALOG_COMPILER_LAUNCHIMAGE_NAME = LaunchImage;
				GCC_PRECOMPILE_PREFIX_HEADER = YES;
				GCC_PREFIX_HEADER = "GuestBook/GuestBook-Prefix.pch";
				HEADER_SEARCH_PATHS = "$(SDKROOT)/usr/include/libxml2 ";
				INFOPLIST_FILE = "GuestBook/GuestBook-Info.plist";
				PRODUCT_NAME = "$(TARGET_NAME)";
				WRAPPER_EXTENSION = app;
			};
			name = Debug;
		};
		F65887F419F56D6200578BAA /* Release */ = {
			isa = XCBuildConfiguration;
			buildSettings = {
				ASSETCATALOG_COMPILER_APPICON_NAME = AppIcon;
				ASSETCATALOG_COMPILER_LAUNCHIMAGE_NAME = LaunchImage;
				GCC_PRECOMPILE_PREFIX_HEADER = YES;
				GCC_PREFIX_HEADER = "GuestBook/GuestBook-Prefix.pch";
				HEADER_SEARCH_PATHS = "$(SDKROOT)/usr/include/libxml2 ";
				INFOPLIST_FILE = "GuestBook/GuestBook-Info.plist";
				PRODUCT_NAME = "$(TARGET_NAME)";
				WRAPPER_EXTENSION = app;
			};
			name = Release;
		};
		F65887F619F56D6200578BAA /* Debug */ = {
			isa = XCBuildConfiguration;
			buildSettings = {
				BUNDLE_LOADER = "$(BUILT_PRODUCTS_DIR)/GuestBook.app/GuestBook";
				FRAMEWORK_SEARCH_PATHS = (
					"$(SDKROOT)/Developer/Library/Frameworks",
					"$(inherited)",
					"$(DEVELOPER_FRAMEWORKS_DIR)",
				);
				GCC_PRECOMPILE_PREFIX_HEADER = YES;
				GCC_PREFIX_HEADER = "GuestBook/GuestBook-Prefix.pch";
				GCC_PREPROCESSOR_DEFINITIONS = (
					"DEBUG=1",
					"$(inherited)",
				);
				INFOPLIST_FILE = "GuestBookTests/GuestBookTests-Info.plist";
				PRODUCT_NAME = "$(TARGET_NAME)";
				TEST_HOST = "$(BUNDLE_LOADER)";
				WRAPPER_EXTENSION = xctest;
			};
			name = Debug;
		};
		F65887F719F56D6200578BAA /* Release */ = {
			isa = XCBuildConfiguration;
			buildSettings = {
				BUNDLE_LOADER = "$(BUILT_PRODUCTS_DIR)/GuestBook.app/GuestBook";
				FRAMEWORK_SEARCH_PATHS = (
					"$(SDKROOT)/Developer/Library/Frameworks",
					"$(inherited)",
					"$(DEVELOPER_FRAMEWORKS_DIR)",
				);
				GCC_PRECOMPILE_PREFIX_HEADER = YES;
				GCC_PREFIX_HEADER = "GuestBook/GuestBook-Prefix.pch";
				INFOPLIST_FILE = "GuestBookTests/GuestBookTests-Info.plist";
				PRODUCT_NAME = "$(TARGET_NAME)";
				TEST_HOST = "$(BUNDLE_LOADER)";
				WRAPPER_EXTENSION = xctest;
			};
			name = Release;
		};
/* End XCBuildConfiguration section */

/* Begin XCConfigurationList section */
		F65887BB19F56D6200578BAA /* Build configuration list for PBXProject "GuestBook" */ = {
			isa = XCConfigurationList;
			buildConfigurations = (
				F65887F019F56D6200578BAA /* Debug */,
				F65887F119F56D6200578BAA /* Release */,
			);
			defaultConfigurationIsVisible = 0;
			defaultConfigurationName = Release;
		};
		F65887F219F56D6200578BAA /* Build configuration list for PBXNativeTarget "GuestBook" */ = {
			isa = XCConfigurationList;
			buildConfigurations = (
				F65887F319F56D6200578BAA /* Debug */,
				F65887F419F56D6200578BAA /* Release */,
			);
			defaultConfigurationIsVisible = 0;
			defaultConfigurationName = Release;
		};
		F65887F519F56D6200578BAA /* Build configuration list for PBXNativeTarget "GuestBookTests" */ = {
			isa = XCConfigurationList;
			buildConfigurations = (
				F65887F619F56D6200578BAA /* Debug */,
				F65887F719F56D6200578BAA /* Release */,
			);
			defaultConfigurationIsVisible = 0;
			defaultConfigurationName = Release;
		};
/* End XCConfigurationList section */
	};
	rootObject = F65887B819F56D6200578BAA /* Project object */;
}
